{
  "version": 2,
  "dependencies": {
    "net11.0": {
      "Lumoin.Base": {
        "type": "Direct",
        "requested": "[0.0.14, )",
        "resolved": "0.0.14",
        "contentHash": "r7OY0s3JyyZzm89TZrkCLKIWiRQBVvjV0ratDc6rJeciV7aNjBxvMU+oq19O+NFznPeBZBJ0yZjML4dHfvhK5w=="
      },
      "Lumoin.Veritas.Core": {
        "type": "Direct",
        "requested": "[0.0.1, )",
        "resolved": "0.0.1",
        "contentHash": "xgxmAtomuQa5jPmJtKYEtvTGh39mMoksX2uN23U2JbqMmuGUdK1uVQY/PsisXt50iZ/cZs4CTouIgMNOO4EBLQ==",
        "dependencies": {
          "Lumoin.Base": "0.0.9",
          "System.IO.Hashing": "10.0.11",
          "System.Threading.RateLimiting": "10.0.11"
        }
      },
      "Lumoin.Veritas.Turtle": {
        "type": "Direct",
        "requested": "[0.0.1, )",
        "resolved": "0.0.1",
        "contentHash": "5SHiy3Pc27aUlaRHdoQnrieNbUBVADQOLvDYPSuL3IpFaWLbVcMV9RbfGPfMn1fdLGyJR2ngDwzeGABHMMmBOQ==",
        "dependencies": {
          "Lumoin.Base": "0.0.9",
          "Lumoin.Veritas.Core": "0.0.1",
          "System.IO.Hashing": "10.0.11",
          "System.Threading.RateLimiting": "10.0.11"
        }
      },
      "Microsoft.NET.ILLink.Tasks": {
        "type": "Direct",
        "requested": "[11.0.0-rc.1.26425.128, )",
        "resolved": "11.0.0-rc.1.26425.128",
        "contentHash": "oMgihfjNcxZpR9B/O5Ke8Qmr8CJcpdzG4PnVYtA6Ja4g41NELxLRuiqqh5ys7w+ourEBNng2IIZnrlMJXfncmQ=="
      },
      "System.IO.Hashing": {
        "type": "Transitive",
        "resolved": "10.0.11",
        "contentHash": "OzKDcIRkeNJeC8qAsbn8yJXnfTLP1dtkWILe+T56Gf/z+IkAASi7sMqLqJQat08j5z/mRN5xVtoAwbkMNMoBUQ=="
      },
      "System.Threading.RateLimiting": {
        "type": "Transitive",
        "resolved": "10.0.11",
        "contentHash": "7+n9cNFpC7VIJzBwSyxs6DHNGLP330dJVeeOSdIJt4TiwwazyEvvRuhWLORT41mRxQVGKhiFIZ+In4JKFWS9Ig=="
      }
    }
  }
}